
Microsoft Visual Studio Solution File, Format Version 12.00
# Visual Studio Version 16
VisualStudioVersion = 16.0.31729.503
MinimumVisualStudioVersion = 10.0.40219.1
Project("{FAE04EC0-301F-11D3-BF4B-00C04F79EFBC}") = "manejoExcepcionesClase", "manejoExcepcionesClase\manejoExcepcionesClase.csproj", "{1EE87AB1-AB2C-4B88-B503-E673787EEC36}"
EndProject
Global
	GlobalSection(SolutionConfigurationPlatforms) = preSolution
		Debug|Any CPU = Debug|Any CPU
		Release|Any CPU = Release|Any CPU
	EndGlobalSection
	GlobalSection(ProjectConfigurationPlatforms) = postSolution
		{1EE87AB1-AB2C-4B88-B503-E673787EEC36}.Debug|Any CPU.ActiveCfg = Debug|Any CPU
		{1EE87AB1-AB2C-4B88-B503-E673787EEC36}.Debug|Any CPU.Build.0 = Debug|Any CPU
		{1EE87AB1-AB2C-4B88-B503-E673787EEC36}.Release|Any CPU.ActiveCfg = Release|Any CPU
		{1EE87AB1-AB2C-4B88-B503-E673787EEC36}.Release|Any CPU.Build.0 = Release|Any CPU
	EndGlobalSection
	GlobalSection(SolutionProperties) = preSolution
		HideSolutionNode = FALSE
	EndGlobalSection
	GlobalSection(ExtensibilityGlobals) = postSolution
		SolutionGuid = {D0DD2C26-7EAA-4879-9AF2-EFE9B310086E}
	EndGlobalSection
EndGlobal
